{
    "name": "docxtemplater-test",
    "requires": true,
    "lockfileVersion": 1,
    "dependencies": {
        "docxtemplater": {
            "version": "3.6.6",
            "resolved": "https://registry.npmjs.org/docxtemplater/-/docxtemplater-3.6.6.tgz",
            "integrity": "sha512-SI4/CXvP+qN9XJjFA4RAvzVpfHqHHcVOtQW+M5LaoMb3NyvJBRPWB/ZAr1UYpHHY21jJfbdDjj3hY+EsVCQbkA==",
            "requires": {
                "xmldom": "0.1.27"
            }
        },
        "fs": {
            "version": "0.0.1-security",
            "resolved": "https://registry.npmjs.org/fs/-/fs-0.0.1-security.tgz",
            "integrity": "sha1-invTcYa23d84E/I4WLV+yq9eQdQ="
        },
        "inherits": {
            "version": "2.0.3",
            "resolved": "https://registry.npmjs.org/inherits/-/inherits-2.0.3.tgz",
            "integrity": "sha1-Yzwsg+PaQqUC9SRmAiSA9CCCYd4="
        },
        "jszip": {
            "version": "2.6.1",
            "resolved": "https://registry.npmjs.org/jszip/-/jszip-2.6.1.tgz",
            "integrity": "sha1-uI86ey5noqBIFSmCx6N1bZxIKPA=",
            "requires": {
                "pako": "1.0.6"
            }
        },
        "pako": {
            "version": "1.0.6",
            "resolved": "https://registry.npmjs.org/pako/-/pako-1.0.6.tgz",
            "integrity": "sha512-lQe48YPsMJAig+yngZ87Lus+NF+3mtu7DVOBu6b/gHO1YpKwIj5AWjZ/TOS7i46HD/UixzWb1zeWDZfGZ3iYcg=="
        },
        "path": {
            "version": "0.12.7",
            "resolved": "https://registry.npmjs.org/path/-/path-0.12.7.tgz",
            "integrity": "sha1-1NwqUGxM4hl+tIHr/NWzbAFAsQ8=",
            "requires": {
                "process": "0.11.10",
                "util": "0.10.4"
            }
        },
        "process": {
            "version": "0.11.10",
            "resolved": "https://registry.npmjs.org/process/-/process-0.11.10.tgz",
            "integrity": "sha1-czIwDoQBYb2j5podHZGn1LwW8YI="
        },
        "util": {
            "version": "0.10.4",
            "resolved": "https://registry.npmjs.org/util/-/util-0.10.4.tgz",
            "integrity": "sha512-0Pm9hTQ3se5ll1XihRic3FDIku70C+iHUdT/W926rSgHV5QgXsYbKZN8MSC3tJtSkhuROzvsQjAaFENRXr+19A==",
            "requires": {
                "inherits": "2.0.3"
            }
        },
        "xmldom": {
            "version": "0.1.27",
            "resolved": "https://registry.npmjs.org/xmldom/-/xmldom-0.1.27.tgz",
            "integrity": "sha1-1QH5ezvbQDr4757MIFcxh6rawOk="
        }
    }
}
